// !$*UTF8*$!
{
	archiveVersion = 1;
	classes = {
	};
	objectVersion = 50;
	objects = {

/* Begin PBXBuildFile section */
		4467D3B0260B8806008D4D81 /* AppDelegate.swift in Sources */ = {isa = PBXBuildFile; fileRef = 4467D3AF260B8806008D4D81 /* AppDelegate.swift */; };
		4467D3B2260B8806008D4D81 /* GameScene.sks in Resources */ = {isa = PBXBuildFile; fileRef = 4467D3B1260B8806008D4D81 /* GameScene.sks */; };
		4467D3B4260B8806008D4D81 /* Actions.sks in Resources */ = {isa = PBXBuildFile; fileRef = 4467D3B3260B8806008D4D81 /* Actions.sks */; };
		4467D3B6260B8806008D4D81 /* GameScene.swift in Sources */ = {isa = PBXBuildFile; fileRef = 4467D3B5260B8806008D4D81 /* GameScene.swift */; };
		4467D3B8260B8806008D4D81 /* GameViewController.swift in Sources */ = {isa = PBXBuildFile; fileRef = 4467D3B7260B8806008D4D81 /* GameViewController.swift */; };
		4467D3BB260B8806008D4D81 /* Main.storyboard in Resources */ = {isa = PBXBuildFile; fileRef = 4467D3B9260B8806008D4D81 /* Main.storyboard */; };
		4467D3BD260B8807008D4D81 /* Assets.xcassets in Resources */ = {isa = PBXBuildFile; fileRef = 4467D3BC260B8807008D4D81 /* Assets.xcassets */; };
		4467D3C0260B8807008D4D81 /* LaunchScreen.storyboard in Resources */ = {isa = PBXBuildFile; fileRef = 4467D3BE260B8807008D4D81 /* LaunchScreen.storyboard */; };
		4467D3CB260B8807008D4D81 /* GameTests.swift in Sources */ = {isa = PBXBuildFile; fileRef = 4467D3CA260B8807008D4D81 /* GameTests.swift */; };
		4467D3D6260B8807008D4D81 /* GameUITests.swift in Sources */ = {isa = PBXBuildFile; fileRef = 4467D3D5260B8807008D4D81 /* GameUITests.swift */; };
		447F9DDB261B5354003B7761 /* MenuManager.swift in Sources */ = {isa = PBXBuildFile; fileRef = 447F9DDA261B5354003B7761 /* MenuManager.swift */; };
		44B2D035261B7BB3003E56A0 /* GameOverScene.sks in Resources */ = {isa = PBXBuildFile; fileRef = 44B2D034261B7BB3003E56A0 /* GameOverScene.sks */; };
		44B2D037261B80A2003E56A0 /* GameOverScene.swift in Sources */ = {isa = PBXBuildFile; fileRef = 44B2D036261B80A2003E56A0 /* GameOverScene.swift */; };
		44B2D039261B84F5003E56A0 /* HighScores.swift in Sources */ = {isa = PBXBuildFile; fileRef = 44B2D038261B84F5003E56A0 /* HighScores.swift */; };
		44F09568261DF1EE00FB4C5F /* WallBall.png in Resources */ = {isa = PBXBuildFile; fileRef = 44F09567261DF1EE00FB4C5F /* WallBall.png */; };
/* End PBXBuildFile section */

/* Begin PBXContainerItemProxy section */
		4467D3C7260B8807008D4D81 /* PBXContainerItemProxy */ = {
			isa = PBXContainerItemProxy;
			containerPortal = 4467D3A4260B8806008D4D81 /* Project object */;
			proxyType = 1;
			remoteGlobalIDString = 4467D3AB260B8806008D4D81;
			remoteInfo = Game;
		};
		4467D3D2260B8807008D4D81 /* PBXContainerItemProxy */ = {
			isa = PBXContainerItemProxy;
			containerPortal = 4467D3A4260B8806008D4D81 /* Project object */;
			proxyType = 1;
			remoteGlobalIDString = 4467D3AB260B8806008D4D81;
			remoteInfo = Game;
		};
/* End PBXContainerItemProxy section */

/* Begin PBXFileReference section */
		4467D3AC260B8806008D4D81 /* Game.app */ = {isa = PBXFileReference; explicitFileType = wrapper.application; includeInIndex = 0; path = Game.app; sourceTree = BUILT_PRODUCTS_DIR; };
		4467D3AF260B8806008D4D81 /* AppDelegate.swift */ = {isa = PBXFileReference; lastKnownFileType = sourcecode.swift; path = AppDelegate.swift; sourceTree = "<group>"; };
		4467D3B1260B8806008D4D81 /* GameScene.sks */ = {isa = PBXFileReference; lastKnownFileType = file.sks; path = GameScene.sks; sourceTree = "<group>"; };
		4467D3B3260B8806008D4D81 /* Actions.sks */ = {isa = PBXFileReference; lastKnownFileType = file.sks; path = Actions.sks; sourceTree = "<group>"; };
		4467D3B5260B8806008D4D81 /* GameScene.swift */ = {isa = PBXFileReference; lastKnownFileType = sourcecode.swift; path = GameScene.swift; sourceTree = "<group>"; };
		4467D3B7260B8806008D4D81 /* GameViewController.swift */ = {isa = PBXFileReference; lastKnownFileType = sourcecode.swift; path = GameViewController.swift; sourceTree = "<group>"; };
		4467D3BA260B8806008D4D81 /* Base */ = {isa = PBXFileReference; lastKnownFileType = file.storyboard; name = Base; path = Base.lproj/Main.storyboard; sourceTree = "<group>"; };
		4467D3BC260B8807008D4D81 /* Assets.xcassets */ = {isa = PBXFileReference; lastKnownFileType = folder.assetcatalog; path = Assets.xcassets; sourceTree = "<group>"; };
		4467D3BF260B8807008D4D81 /* Base */ = {isa = PBXFileReference; lastKnownFileType = file.storyboard; name = Base; path = Base.lproj/LaunchScreen.storyboard; sourceTree = "<group>"; };
		4467D3C1260B8807008D4D81 /* Info.plist */ = {isa = PBXFileReference; lastKnownFileType = text.plist.xml; path = Info.plist; sourceTree = "<group>"; };
		4467D3C6260B8807008D4D81 /* GameTests.xctest */ = {isa = PBXFileReference; explicitFileType = wrapper.cfbundle; includeInIndex = 0; path = GameTests.xctest; sourceTree = BUILT_PRODUCTS_DIR; };
		4467D3CA260B8807008D4D81 /* GameTests.swift */ = {isa = PBXFileReference; lastKnownFileType = sourcecode.swift; path = GameTests.swift; sourceTree = "<group>"; };
		4467D3CC260B8807008D4D81 /* Info.plist */ = {isa = PBXFileReference; lastKnownFileType = text.plist.xml; path = Info.plist; sourceTree = "<group>"; };
		4467D3D1260B8807008D4D81 /* GameUITests.xctest */ = {isa = PBXFileReference; explicitFileType = wrapper.cfbundle; includeInIndex = 0; path = GameUITests.xctest; sourceTree = BUILT_PRODUCTS_DIR; };
		4467D3D5260B8807008D4D81 /* GameUITests.swift */ = {isa = PBXFileReference; lastKnownFileType = sourcecode.swift; path = GameUITests.swift; sourceTree = "<group>"; };
		4467D3D7260B8807008D4D81 /* Info.plist */ = {isa = PBXFileReference; lastKnownFileType = text.plist.xml; path = Info.plist; sourceTree = "<group>"; };
		447F9DDA261B5354003B7761 /* MenuManager.swift */ = {isa = PBXFileReference; lastKnownFileType = sourcecode.swift; path = MenuManager.swift; sourceTree = "<group>"; };
		44B2D034261B7BB3003E56A0 /* GameOverScene.sks */ = {isa = PBXFileReference; lastKnownFileType = file.sks; path = GameOverScene.sks; sourceTree = "<group>"; };
		44B2D036261B80A2003E56A0 /* GameOverScene.swift */ = {isa = PBXFileReference; lastKnownFileType = sourcecode.swift; path = GameOverScene.swift; sourceTree = "<group>"; };
		44B2D038261B84F5003E56A0 /* HighScores.swift */ = {isa = PBXFileReference; lastKnownFileType = sourcecode.swift; path = HighScores.swift; sourceTree = "<group>"; };
		44F09567261DF1EE00FB4C5F /* WallBall.png */ = {isa = PBXFileReference; lastKnownFileType = image.png; path = WallBall.png; sourceTree = "<group>"; };
/* End PBXFileReference section */

/* Begin PBXFrameworksBuildPhase section */
		4467D3A9260B8806008D4D81 /* Frameworks */ = {
			isa = PBXFrameworksBuildPhase;
			buildActionMask = 2147483647;
			files = (
			);
			runOnlyForDeploymentPostprocessing = 0;
		};
		4467D3C3260B8807008D4D81 /* Frameworks */ = {
			isa = PBXFrameworksBuildPhase;
			buildActionMask = 2147483647;
			files = (
			);
			runOnlyForDeploymentPostprocessing = 0;
		};
		4467D3CE260B8807008D4D81 /* Frameworks */ = {
			isa = PBXFrameworksBuildPhase;
			buildActionMask = 2147483647;
			files = (
			);
			runOnlyForDeploymentPostprocessing = 0;
		};
/* End PBXFrameworksBuildPhase section */

/* Begin PBXGroup section */
		4467D3A3260B8806008D4D81 = {
			isa = PBXGroup;
			children = (
				4467D3AE260B8806008D4D81 /* Game */,
				4467D3C9260B8807008D4D81 /* GameTests */,
				4467D3D4260B8807008D4D81 /* GameUITests */,
				4467D3AD260B8806008D4D81 /* Products */,
			);
			sourceTree = "<group>";
		};
		4467D3AD260B8806008D4D81 /* Products */ = {
			isa = PBXGroup;
			children = (
				4467D3AC260B8806008D4D81 /* Game.app */,
				4467D3C6260B8807008D4D81 /* GameTests.xctest */,
				4467D3D1260B8807008D4D81 /* GameUITests.xctest */,
			);
			name = Products;
			sourceTree = "<group>";
		};
		4467D3AE260B8806008D4D81 /* Game */ = {
			isa = PBXGroup;
			children = (
				4467D3AF260B8806008D4D81 /* AppDelegate.swift */,
				4467D3B1260B8806008D4D81 /* GameScene.sks */,
				44B2D034261B7BB3003E56A0 /* GameOverScene.sks */,
				4467D3B3260B8806008D4D81 /* Actions.sks */,
				4467D3B5260B8806008D4D81 /* GameScene.swift */,
				44B2D036261B80A2003E56A0 /* GameOverScene.swift */,
				447F9DDA261B5354003B7761 /* MenuManager.swift */,
				4467D3B7260B8806008D4D81 /* GameViewController.swift */,
				44B2D038261B84F5003E56A0 /* HighScores.swift */,
				4467D3B9260B8806008D4D81 /* Main.storyboard */,
				4467D3BC260B8807008D4D81 /* Assets.xcassets */,
				44F09567261DF1EE00FB4C5F /* WallBall.png */,
				4467D3BE260B8807008D4D81 /* LaunchScreen.storyboard */,
				4467D3C1260B8807008D4D81 /* Info.plist */,
			);
			path = Game;
			sourceTree = "<group>";
		};
		4467D3C9260B8807008D4D81 /* GameTests */ = {
			isa = PBXGroup;
			children = (
				4467D3CA260B8807008D4D81 /* GameTests.swift */,
				4467D3CC260B8807008D4D81 /* Info.plist */,
			);
			path = GameTests;
			sourceTree = "<group>";
		};
		4467D3D4260B8807008D4D81 /* GameUITests */ = {
			isa = PBXGroup;
			children = (
				4467D3D5260B8807008D4D81 /* GameUITests.swift */,
				4467D3D7260B8807008D4D81 /* Info.plist */,
			);
			path = GameUITests;
			sourceTree = "<group>";
		};
/* End PBXGroup section */

/* Begin PBXNativeTarget section */
		4467D3AB260B8806008D4D81 /* Game */ = {
			isa = PBXNativeTarget;
			buildConfigurationList = 4467D3DA260B8807008D4D81 /* Build configuration list for PBXNativeTarget "Game" */;
			buildPhases = (
				4467D3A8260B8806008D4D81 /* Sources */,
				4467D3A9260B8806008D4D81 /* Frameworks */,
				4467D3AA260B8806008D4D81 /* Resources */,
			);
			buildRules = (
			);
			dependencies = (
			);
			name = Game;
			productName = Game;
			productReference = 4467D3AC260B8806008D4D81 /* Game.app */;
			productType = "com.apple.product-type.application";
		};
		4467D3C5260B8807008D4D81 /* GameTests */ = {
			isa = PBXNativeTarget;
			buildConfigurationList = 4467D3DD260B8807008D4D81 /* Build configuration list for PBXNativeTarget "GameTests" */;
			buildPhases = (
				4467D3C2260B8807008D4D81 /* Sources */,
				4467D3C3260B8807008D4D81 /* Frameworks */,
				4467D3C4260B8807008D4D81 /* Resources */,
			);
			buildRules = (
			);
			dependencies = (
				4467D3C8260B8807008D4D81 /* PBXTargetDependency */,
			);
			name = GameTests;
			productName = GameTests;
			productReference = 4467D3C6260B8807008D4D81 /* GameTests.xctest */;
			productType = "com.apple.product-type.bundle.unit-test";
		};
		4467D3D0260B8807008D4D81 /* GameUITests */ = {
			isa = PBXNativeTarget;
			buildConfigurationList = 4467D3E0260B8807008D4D81 /* Build configuration list for PBXNativeTarget "GameUITests" */;
			buildPhases = (
				4467D3CD260B8807008D4D81 /* Sources */,
				4467D3CE260B8807008D4D81 /* Frameworks */,
				4467D3CF260B8807008D4D81 /* Resources */,
			);
			buildRules = (
			);
			dependencies = (
				4467D3D3260B8807008D4D81 /* PBXTargetDependency */,
			);
			name = GameUITests;
			productName = GameUITests;
			productReference = 4467D3D1260B8807008D4D81 /* GameUITests.xctest */;
			productType = "com.apple.product-type.bundle.ui-testing";
		};
/* End PBXNativeTarget section */

/* Begin PBXProject section */
		4467D3A4260B8806008D4D81 /* Project object */ = {
			isa = PBXProject;
			attributes = {
				LastSwiftUpdateCheck = 1120;
				LastUpgradeCheck = 1120;
				ORGANIZATIONNAME = "Colin Quelle";
				TargetAttributes = {
					4467D3AB260B8806008D4D81 = {
						CreatedOnToolsVersion = 11.2.1;
					};
					4467D3C5260B8807008D4D81 = {
						CreatedOnToolsVersion = 11.2.1;
						TestTargetID = 4467D3AB260B8806008D4D81;
					};
					4467D3D0260B8807008D4D81 = {
						CreatedOnToolsVersion = 11.2.1;
						TestTargetID = 4467D3AB260B8806008D4D81;
					};
				};
			};
			buildConfigurationList = 4467D3A7260B8806008D4D81 /* Build configuration list for PBXProject "Game" */;
			compatibilityVersion = "Xcode 9.3";
			developmentRegion = en;
			hasScannedForEncodings = 0;
			knownRegions = (
				en,
				Base,
			);
			mainGroup = 4467D3A3260B8806008D4D81;
			productRefGroup = 4467D3AD260B8806008D4D81 /* Products */;
			projectDirPath = "";
			projectRoot = "";
			targets = (
				4467D3AB260B8806008D4D81 /* Game */,
				4467D3C5260B8807008D4D81 /* GameTests */,
				4467D3D0260B8807008D4D81 /* GameUITests */,
			);
		};
/* End PBXProject section */

/* Begin PBXResourcesBuildPhase section */
		4467D3AA260B8806008D4D81 /* Resources */ = {
			isa = PBXResourcesBuildPhase;
			buildActionMask = 2147483647;
			files = (
				4467D3BB260B8806008D4D81 /* Main.storyboard in Resources */,
				4467D3B2260B8806008D4D81 /* GameScene.sks in Resources */,
				4467D3BD260B8807008D4D81 /* Assets.xcassets in Resources */,
				4467D3C0260B8807008D4D81 /* LaunchScreen.storyboard in Resources */,
				44F09568261DF1EE00FB4C5F /* WallBall.png in Resources */,
				44B2D035261B7BB3003E56A0 /* GameOverScene.sks in Resources */,
				4467D3B4260B8806008D4D81 /* Actions.sks in Resources */,
			);
			runOnlyForDeploymentPostprocessing = 0;
		};
		4467D3C4260B8807008D4D81 /* Resources */ = {
			isa = PBXResourcesBuildPhase;
			buildActionMask = 2147483647;
			files = (
			);
			runOnlyForDeploymentPostprocessing = 0;
		};
		4467D3CF260B8807008D4D81 /* Resources */ = {
			isa = PBXResourcesBuildPhase;
			buildActionMask = 2147483647;
			files = (
			);
			runOnlyForDeploymentPostprocessing = 0;
		};
/* End PBXResourcesBuildPhase section */

/* Begin PBXSourcesBuildPhase section */
		4467D3A8260B8806008D4D81 /* Sources */ = {
			isa = PBXSourcesBuildPhase;
			buildActionMask = 2147483647;
			files = (
				44B2D037261B80A2003E56A0 /* GameOverScene.swift in Sources */,
				447F9DDB261B5354003B7761 /* MenuManager.swift in Sources */,
				4467D3B6260B8806008D4D81 /* GameScene.swift in Sources */,
				4467D3B8260B8806008D4D81 /* GameViewController.swift in Sources */,
				44B2D039261B84F5003E56A0 /* HighScores.swift in Sources */,
				4467D3B0260B8806008D4D81 /* AppDelegate.swift in Sources */,
			);
			runOnlyForDeploymentPostprocessing = 0;
		};
		4467D3C2260B8807008D4D81 /* Sources */ = {
			isa = PBXSourcesBuildPhase;
			buildActionMask = 2147483647;
			files = (
				4467D3CB260B8807008D4D81 /* GameTests.swift in Sources */,
			);
			runOnlyForDeploymentPostprocessing = 0;
		};
		4467D3CD260B8807008D4D81 /* Sources */ = {
			isa = PBXSourcesBuildPhase;
			buildActionMask = 2147483647;
			files = (
				4467D3D6260B8807008D4D81 /* GameUITests.swift in Sources */,
			);
			runOnlyForDeploymentPostprocessing = 0;
		};
/* End PBXSourcesBuildPhase section */

/* Begin PBXTargetDependency section */
		4467D3C8260B8807008D4D81 /* PBXTargetDependency */ = {
			isa = PBXTargetDependency;
			target = 4467D3AB260B8806008D4D81 /* Game */;
			targetProxy = 4467D3C7260B8807008D4D81 /* PBXContainerItemProxy */;
		};
		4467D3D3260B8807008D4D81 /* PBXTargetDependency */ = {
			isa = PBXTargetDependency;
			target = 4467D3AB260B8806008D4D81 /* Game */;
			targetProxy = 4467D3D2260B8807008D4D81 /* PBXContainerItemProxy */;
		};
/* End PBXTargetDependency section */

/* Begin PBXVariantGroup section */
		4467D3B9260B8806008D4D81 /* Main.storyboard */ = {
			isa = PBXVariantGroup;
			children = (
				4467D3BA260B8806008D4D81 /* Base */,
			);
			name = Main.storyboard;
			sourceTree = "<group>";
		};
		4467D3BE260B8807008D4D81 /* LaunchScreen.storyboard */ = {
			isa = PBXVariantGroup;
			children = (
				4467D3BF260B8807008D4D81 /* Base */,
			);
			name = LaunchScreen.storyboard;
			sourceTree = "<group>";
		};
/* End PBXVariantGroup section */

/* Begin XCBuildConfiguration section */
		4467D3D8260B8807008D4D81 /* Debug */ = {
			isa = XCBuildConfiguration;
			buildSettings = {
				ALWAYS_SEARCH_USER_PATHS = NO;
				CLANG_ANALYZER_NONNULL = YES;
				CLANG_ANALYZER_NUMBER_OBJECT_CONVERSION = YES_AGGRESSIVE;
				CLANG_CXX_LANGUAGE_STANDARD = "gnu++14";
				CLANG_CXX_LIBRARY = "libc++";
				CLANG_ENABLE_MODULES = YES;
				CLANG_ENABLE_OBJC_ARC = YES;
				CLANG_ENABLE_OBJC_WEAK = YES;
				CLANG_WARN_BLOCK_CAPTURE_AUTORELEASING = YES;
				CLANG_WARN_BOOL_CONVERSION = YES;
				CLANG_WARN_COMMA = YES;
				CLANG_WARN_CONSTANT_CONVERSION = YES;
				CLANG_WARN_DEPRECATED_OBJC_IMPLEMENTATIONS = YES;
				CLANG_WARN_DIRECT_OBJC_ISA_USAGE = YES_ERROR;
				CLANG_WARN_DOCUMENTATION_COMMENTS = YES;
				CLANG_WARN_EMPTY_BODY = YES;
				CLANG_WARN_ENUM_CONVERSION = YES;
				CLANG_WARN_INFINITE_RECURSION = YES;
				CLANG_WARN_INT_CONVERSION = YES;
				CLANG_WARN_NON_LITERAL_NULL_CONVERSION = YES;
				CLANG_WARN_OBJC_IMPLICIT_RETAIN_SELF = YES;
				CLANG_WARN_OBJC_LITERAL_CONVERSION = YES;
				CLANG_WARN_OBJC_ROOT_CLASS = YES_ERROR;
				CLANG_WARN_RANGE_LOOP_ANALYSIS = YES;
				CLANG_WARN_STRICT_PROTOTYPES = YES;
				CLANG_WARN_SUSPICIOUS_MOVE = YES;
				CLANG_WARN_UNGUARDED_AVAILABILITY = YES_AGGRESSIVE;
				CLANG_WARN_UNREACHABLE_CODE = YES;
				CLANG_WARN__DUPLICATE_METHOD_MATCH = YES;
				COPY_PHASE_STRIP = NO;
				DEBUG_INFORMATION_FORMAT = dwarf;
				ENABLE_STRICT_OBJC_MSGSEND = YES;
				ENABLE_TESTABILITY = YES;
				GCC_C_LANGUAGE_STANDARD = gnu11;
				GCC_DYNAMIC_NO_PIC = NO;
				GCC_NO_COMMON_BLOCKS = YES;
				GCC_OPTIMIZATION_LEVEL = 0;
				GCC_PREPROCESSOR_DEFINITIONS = (
					"DEBUG=1",
					"$(inherited)",
				);
				GCC_WARN_64_TO_32_BIT_CONVERSION = YES;
				GCC_WARN_ABOUT_RETURN_TYPE = YES_ERROR;
				GCC_WARN_UNDECLARED_SELECTOR = YES;
				GCC_WARN_UNINITIALIZED_AUTOS = YES_AGGRESSIVE;
				GCC_WARN_UNUSED_FUNCTION = YES;
				GCC_WARN_UNUSED_VARIABLE = YES;
				IPHONEOS_DEPLOYMENT_TARGET = 13.2;
				MTL_ENABLE_DEBUG_INFO = INCLUDE_SOURCE;
				MTL_FAST_MATH = YES;
				ONLY_ACTIVE_ARCH = YES;
				SDKROOT = iphoneos;
				SWIFT_ACTIVE_COMPILATION_CONDITIONS = DEBUG;
				SWIFT_OPTIMIZATION_LEVEL = "-Onone";
			};
			name = Debug;
		};
		4467D3D9260B8807008D4D81 /* Release */ = {
			isa = XCBuildConfiguration;
			buildSettings = {
				ALWAYS_SEARCH_USER_PATHS = NO;
				CLANG_ANALYZER_NONNULL = YES;
				CLANG_ANALYZER_NUMBER_OBJECT_CONVERSION = YES_AGGRESSIVE;
				CLANG_CXX_LANGUAGE_STANDARD = "gnu++14";
				CLANG_CXX_LIBRARY = "libc++";
				CLANG_ENABLE_MODULES = YES;
				CLANG_ENABLE_OBJC_ARC = YES;
				CLANG_ENABLE_OBJC_WEAK = YES;
				CLANG_WARN_BLOCK_CAPTURE_AUTORELEASING = YES;
				CLANG_WARN_BOOL_CONVERSION = YES;
				CLANG_WARN_COMMA = YES;
				CLANG_WARN_CONSTANT_CONVERSION = YES;
				CLANG_WARN_DEPRECATED_OBJC_IMPLEMENTATIONS = YES;
				CLANG_WARN_DIRECT_OBJC_ISA_USAGE = YES_ERROR;
				CLANG_WARN_DOCUMENTATION_COMMENTS = YES;
				CLANG_WARN_EMPTY_BODY = YES;
				CLANG_WARN_ENUM_CONVERSION = YES;
				CLANG_WARN_INFINITE_RECURSION = YES;
				CLANG_WARN_INT_CONVERSION = YES;
				CLANG_WARN_NON_LITERAL_NULL_CONVERSION = YES;
				CLANG_WARN_OBJC_IMPLICIT_RETAIN_SELF = YES;
				CLANG_WARN_OBJC_LITERAL_CONVERSION = YES;
				CLANG_WARN_OBJC_ROOT_CLASS = YES_ERROR;
				CLANG_WARN_RANGE_LOOP_ANALYSIS = YES;
				CLANG_WARN_STRICT_PROTOTYPES = YES;
				CLANG_WARN_SUSPICIOUS_MOVE = YES;
				CLANG_WARN_UNGUARDED_AVAILABILITY = YES_AGGRESSIVE;
				CLANG_WARN_UNREACHABLE_CODE = YES;
				CLANG_WARN__DUPLICATE_METHOD_MATCH = YES;
				COPY_PHASE_STRIP = NO;
				DEBUG_INFORMATION_FORMAT = "dwarf-with-dsym";
				ENABLE_NS_ASSERTIONS = NO;
				ENABLE_STRICT_OBJC_MSGSEND = YES;
				GCC_C_LANGUAGE_STANDARD = gnu11;
				GCC_NO_COMMON_BLOCKS = YES;
				GCC_WARN_64_TO_32_BIT_CONVERSION = YES;
				GCC_WARN_ABOUT_RETURN_TYPE = YES_ERROR;
				GCC_WARN_UNDECLARED_SELECTOR = YES;
				GCC_WARN_UNINITIALIZED_AUTOS = YES_AGGRESSIVE;
				GCC_WARN_UNUSED_FUNCTION = YES;
				GCC_WARN_UNUSED_VARIABLE = YES;
				IPHONEOS_DEPLOYMENT_TARGET = 13.2;
				MTL_ENABLE_DEBUG_INFO = NO;
				MTL_FAST_MATH = YES;
				SDKROOT = iphoneos;
				SWIFT_COMPILATION_MODE = wholemodule;
				SWIFT_OPTIMIZATION_LEVEL = "-O";
				VALIDATE_PRODUCT = YES;
			};
			name = Release;
		};
		4467D3DB260B8807008D4D81 /* Debug */ = {
			isa = XCBuildConfiguration;
			buildSettings = {
				ASSETCATALOG_COMPILER_APPICON_NAME = AppIcon;
				CODE_SIGN_STYLE = Automatic;
				INFOPLIST_FILE = Game/Info.plist;
				LD_RUNPATH_SEARCH_PATHS = (
					"$(inherited)",
					"@executable_path/Frameworks",
				);
				PRODUCT_BUNDLE_IDENTIFIER = com.ColinQuelle.Game;
				PRODUCT_NAME = "$(TARGET_NAME)";
				SWIFT_VERSION = 5.0;
				TARGETED_DEVICE_FAMILY = "1,2";
			};
			name = Debug;
		};
		4467D3DC260B8807008D4D81 /* Release */ = {
			isa = XCBuildConfiguration;
			buildSettings = {
				ASSETCATALOG_COMPILER_APPICON_NAME = AppIcon;
				CODE_SIGN_STYLE = Automatic;
				INFOPLIST_FILE = Game/Info.plist;
				LD_RUNPATH_SEARCH_PATHS = (
					"$(inherited)",
					"@executable_path/Frameworks",
				);
				PRODUCT_BUNDLE_IDENTIFIER = com.ColinQuelle.Game;
				PRODUCT_NAME = "$(TARGET_NAME)";
				SWIFT_VERSION = 5.0;
				TARGETED_DEVICE_FAMILY = "1,2";
			};
			name = Release;
		};
		4467D3DE260B8807008D4D81 /* Debug */ = {
			isa = XCBuildConfiguration;
			buildSettings = {
				ALWAYS_EMBED_SWIFT_STANDARD_LIBRARIES = YES;
				BUNDLE_LOADER = "$(TEST_HOST)";
				CODE_SIGN_STYLE = Automatic;
				INFOPLIST_FILE = GameTests/Info.plist;
				IPHONEOS_DEPLOYMENT_TARGET = 13.2;
				LD_RUNPATH_SEARCH_PATHS = (
					"$(inherited)",
					"@executable_path/Frameworks",
					"@loader_path/Frameworks",
				);
				PRODUCT_BUNDLE_IDENTIFIER = com.ColinQuelle.GameTests;
				PRODUCT_NAME = "$(TARGET_NAME)";
				SWIFT_VERSION = 5.0;
				TARGETED_DEVICE_FAMILY = "1,2";
				TEST_HOST = "$(BUILT_PRODUCTS_DIR)/Game.app/Game";
			};
			name = Debug;
		};
		4467D3DF260B8807008D4D81 /* Release */ = {
			isa = XCBuildConfiguration;
			buildSettings = {
				ALWAYS_EMBED_SWIFT_STANDARD_LIBRARIES = YES;
				BUNDLE_LOADER = "$(TEST_HOST)";
				CODE_SIGN_STYLE = Automatic;
				INFOPLIST_FILE = GameTests/Info.plist;
				IPHONEOS_DEPLOYMENT_TARGET = 13.2;
				LD_RUNPATH_SEARCH_PATHS = (
					"$(inherited)",
					"@executable_path/Frameworks",
					"@loader_path/Frameworks",
				);
				PRODUCT_BUNDLE_IDENTIFIER = com.ColinQuelle.GameTests;
				PRODUCT_NAME = "$(TARGET_NAME)";
				SWIFT_VERSION = 5.0;
				TARGETED_DEVICE_FAMILY = "1,2";
				TEST_HOST = "$(BUILT_PRODUCTS_DIR)/Game.app/Game";
			};
			name = Release;
		};
		4467D3E1260B8807008D4D81 /* Debug */ = {
			isa = XCBuildConfiguration;
			buildSettings = {
				ALWAYS_EMBED_SWIFT_STANDARD_LIBRARIES = YES;
				CODE_SIGN_STYLE = Automatic;
				INFOPLIST_FILE = GameUITests/Info.plist;
				LD_RUNPATH_SEARCH_PATHS = (
					"$(inherited)",
					"@executable_path/Frameworks",
					"@loader_path/Frameworks",
				);
				PRODUCT_BUNDLE_IDENTIFIER = com.ColinQuelle.GameUITests;
				PRODUCT_NAME = "$(TARGET_NAME)";
				SWIFT_VERSION = 5.0;
				TARGETED_DEVICE_FAMILY = "1,2";
				TEST_TARGET_NAME = Game;
			};
			name = Debug;
		};
		4467D3E2260B8807008D4D81 /* Release */ = {
			isa = XCBuildConfiguration;
			buildSettings = {
				ALWAYS_EMBED_SWIFT_STANDARD_LIBRARIES = YES;
				CODE_SIGN_STYLE = Automatic;
				INFOPLIST_FILE = GameUITests/Info.plist;
				LD_RUNPATH_SEARCH_PATHS = (
					"$(inherited)",
					"@executable_path/Frameworks",
					"@loader_path/Frameworks",
				);
				PRODUCT_BUNDLE_IDENTIFIER = com.ColinQuelle.GameUITests;
				PRODUCT_NAME = "$(TARGET_NAME)";
				SWIFT_VERSION = 5.0;
				TARGETED_DEVICE_FAMILY = "1,2";
				TEST_TARGET_NAME = Game;
			};
			name = Release;
		};
/* End XCBuildConfiguration section */

/* Begin XCConfigurationList section */
		4467D3A7260B8806008D4D81 /* Build configuration list for PBXProject "Game" */ = {
			isa = XCConfigurationList;
			buildConfigurations = (
				4467D3D8260B8807008D4D81 /* Debug */,
				4467D3D9260B8807008D4D81 /* Release */,
			);
			defaultConfigurationIsVisible = 0;
			defaultConfigurationName = Release;
		};
		4467D3DA260B8807008D4D81 /* Build configuration list for PBXNativeTarget "Game" */ = {
			isa = XCConfigurationList;
			buildConfigurations = (
				4467D3DB260B8807008D4D81 /* Debug */,
				4467D3DC260B8807008D4D81 /* Release */,
			);
			defaultConfigurationIsVisible = 0;
			defaultConfigurationName = Release;
		};
		4467D3DD260B8807008D4D81 /* Build configuration list for PBXNativeTarget "GameTests" */ = {
			isa = XCConfigurationList;
			buildConfigurations = (
				4467D3DE260B8807008D4D81 /* Debug */,
				4467D3DF260B8807008D4D81 /* Release */,
			);
			defaultConfigurationIsVisible = 0;
			defaultConfigurationName = Release;
		};
		4467D3E0260B8807008D4D81 /* Build configuration list for PBXNativeTarget "GameUITests" */ = {
			isa = XCConfigurationList;
			buildConfigurations = (
				4467D3E1260B8807008D4D81 /* Debug */,
				4467D3E2260B8807008D4D81 /* Release */,
			);
			defaultConfigurationIsVisible = 0;
			defaultConfigurationName = Release;
		};
/* End XCConfigurationList section */
	};
	rootObject = 4467D3A4260B8806008D4D81 /* Project object */;
}
